
Microsoft Visual Studio Solution File, Format Version 12.00
# Visual Studio 2012
Project("{FAE04EC0-301F-11D3-BF4B-00C04F79EFBC}") = "WindowsService2", "WindowsService2\WindowsService2.csproj", "{95A9AB7B-E150-4026-B46E-5608A8CAE47E}"
EndProject
Project("{FAE04EC0-301F-11D3-BF4B-00C04F79EFBC}") = "ConsoleApplication1", "ConsoleApplication1\ConsoleApplication1.csproj", "{553A0D44-3DE0-4908-8C7B-3D99271D8D9A}"
EndProject
Global
	GlobalSection(SolutionConfigurationPlatforms) = preSolution
		Debug|Any CPU = Debug|Any CPU
		Release|Any CPU = Release|Any CPU
	EndGlobalSection
	GlobalSection(ProjectConfigurationPlatforms) = postSolution
		{95A9AB7B-E150-4026-B46E-5608A8CAE47E}.Debug|Any CPU.ActiveCfg = Debug|Any CPU
		{95A9AB7B-E150-4026-B46E-5608A8CAE47E}.Debug|Any CPU.Build.0 = Debug|Any CPU
		{95A9AB7B-E150-4026-B46E-5608A8CAE47E}.Release|Any CPU.ActiveCfg = Release|Any CPU
		{95A9AB7B-E150-4026-B46E-5608A8CAE47E}.Release|Any CPU.Build.0 = Release|Any CPU
		{553A0D44-3DE0-4908-8C7B-3D99271D8D9A}.Debug|Any CPU.ActiveCfg = Debug|Any CPU
		{553A0D44-3DE0-4908-8C7B-3D99271D8D9A}.Debug|Any CPU.Build.0 = Debug|Any CPU
		{553A0D44-3DE0-4908-8C7B-3D99271D8D9A}.Release|Any CPU.ActiveCfg = Release|Any CPU
		{553A0D44-3DE0-4908-8C7B-3D99271D8D9A}.Release|Any CPU.Build.0 = Release|Any CPU
	EndGlobalSection
	GlobalSection(SolutionProperties) = preSolution
		HideSolutionNode = FALSE
	EndGlobalSection
EndGlobal
